
Microsoft Visual Studio Solution File, Format Version 12.00
# Visual Studio 15
VisualStudioVersion = 15.0.28307.1831
MinimumVisualStudioVersion = 10.0.40219.1
Project("{8BC9CEB8-8B4A-11D0-8D11-00A0C91BC942}") = "1-100奇数2022.3.22", "1-100奇数2022.3.22\1-100奇数2022.3.22.vcxproj", "{1444B34C-7EFB-4C78-962C-A854EF65D629}"
EndProject
Global
	GlobalSection(SolutionConfigurationPlatforms) = preSolution
		Debug|x64 = Debug|x64
		Debug|x86 = Debug|x86
		Release|x64 = Release|x64
		Release|x86 = Release|x86
	EndGlobalSection
	GlobalSection(ProjectConfigurationPlatforms) = postSolution
		{1444B34C-7EFB-4C78-962C-A854EF65D629}.Debug|x64.ActiveCfg = Debug|x64
		{1444B34C-7EFB-4C78-962C-A854EF65D629}.Debug|x64.Build.0 = Debug|x64
		{1444B34C-7EFB-4C78-962C-A854EF65D629}.Debug|x86.ActiveCfg = Debug|Win32
		{1444B34C-7EFB-4C78-962C-A854EF65D629}.Debug|x86.Build.0 = Debug|Win32
		{1444B34C-7EFB-4C78-962C-A854EF65D629}.Release|x64.ActiveCfg = Release|x64
		{1444B34C-7EFB-4C78-962C-A854EF65D629}.Release|x64.Build.0 = Release|x64
		{1444B34C-7EFB-4C78-962C-A854EF65D629}.Release|x86.ActiveCfg = Release|Win32
		{1444B34C-7EFB-4C78-962C-A854EF65D629}.Release|x86.Build.0 = Release|Win32
	EndGlobalSection
	GlobalSection(SolutionProperties) = preSolution
		HideSolutionNode = FALSE
	EndGlobalSection
	GlobalSection(ExtensibilityGlobals) = postSolution
		SolutionGuid = {8BE9B0A7-2F3B-43C0-917F-D238E849EC2E}
	EndGlobalSection
EndGlobal
