
Microsoft Visual Studio Solution File, Format Version 12.00
# Visual Studio 15
VisualStudioVersion = 15.0.28307.1831
MinimumVisualStudioVersion = 10.0.40219.1
Project("{8BC9CEB8-8B4A-11D0-8D11-00A0C91BC942}") = "2022.4.18", "2022.4.18\2022.4.18.vcxproj", "{CCEF1D62-FCD0-4921-B724-D9AC46C9F389}"
EndProject
Global
	GlobalSection(SolutionConfigurationPlatforms) = preSolution
		Debug|x64 = Debug|x64
		Debug|x86 = Debug|x86
		Release|x64 = Release|x64
		Release|x86 = Release|x86
	EndGlobalSection
	GlobalSection(ProjectConfigurationPlatforms) = postSolution
		{CCEF1D62-FCD0-4921-B724-D9AC46C9F389}.Debug|x64.ActiveCfg = Debug|x64
		{CCEF1D62-FCD0-4921-B724-D9AC46C9F389}.Debug|x64.Build.0 = Debug|x64
		{CCEF1D62-FCD0-4921-B724-D9AC46C9F389}.Debug|x86.ActiveCfg = Debug|Win32
		{CCEF1D62-FCD0-4921-B724-D9AC46C9F389}.Debug|x86.Build.0 = Debug|Win32
		{CCEF1D62-FCD0-4921-B724-D9AC46C9F389}.Release|x64.ActiveCfg = Release|x64
		{CCEF1D62-FCD0-4921-B724-D9AC46C9F389}.Release|x64.Build.0 = Release|x64
		{CCEF1D62-FCD0-4921-B724-D9AC46C9F389}.Release|x86.ActiveCfg = Release|Win32
		{CCEF1D62-FCD0-4921-B724-D9AC46C9F389}.Release|x86.Build.0 = Release|Win32
	EndGlobalSection
	GlobalSection(SolutionProperties) = preSolution
		HideSolutionNode = FALSE
	EndGlobalSection
	GlobalSection(ExtensibilityGlobals) = postSolution
		SolutionGuid = {09785E29-94CC-476E-8A0F-97124A322C00}
	EndGlobalSection
EndGlobal
