
Microsoft Visual Studio Solution File, Format Version 12.00
# Visual Studio 15
VisualStudioVersion = 15.0.28307.1831
MinimumVisualStudioVersion = 10.0.40219.1
Project("{8BC9CEB8-8B4A-11D0-8D11-00A0C91BC942}") = "text_3.24", "text_3.24\text_3.24.vcxproj", "{236CEBE6-41A9-4131-ACE5-0E0C52999885}"
EndProject
Global
	GlobalSection(SolutionConfigurationPlatforms) = preSolution
		Debug|x64 = Debug|x64
		Debug|x86 = Debug|x86
		Release|x64 = Release|x64
		Release|x86 = Release|x86
	EndGlobalSection
	GlobalSection(ProjectConfigurationPlatforms) = postSolution
		{236CEBE6-41A9-4131-ACE5-0E0C52999885}.Debug|x64.ActiveCfg = Debug|x64
		{236CEBE6-41A9-4131-ACE5-0E0C52999885}.Debug|x64.Build.0 = Debug|x64
		{236CEBE6-41A9-4131-ACE5-0E0C52999885}.Debug|x86.ActiveCfg = Debug|Win32
		{236CEBE6-41A9-4131-ACE5-0E0C52999885}.Debug|x86.Build.0 = Debug|Win32
		{236CEBE6-41A9-4131-ACE5-0E0C52999885}.Release|x64.ActiveCfg = Release|x64
		{236CEBE6-41A9-4131-ACE5-0E0C52999885}.Release|x64.Build.0 = Release|x64
		{236CEBE6-41A9-4131-ACE5-0E0C52999885}.Release|x86.ActiveCfg = Release|Win32
		{236CEBE6-41A9-4131-ACE5-0E0C52999885}.Release|x86.Build.0 = Release|Win32
	EndGlobalSection
	GlobalSection(SolutionProperties) = preSolution
		HideSolutionNode = FALSE
	EndGlobalSection
	GlobalSection(ExtensibilityGlobals) = postSolution
		SolutionGuid = {A60851AC-26A4-46C9-910C-56F0C114D155}
	EndGlobalSection
EndGlobal
