
Microsoft Visual Studio Solution File, Format Version 12.00
# Visual Studio 15
VisualStudioVersion = 15.0.28307.1831
MinimumVisualStudioVersion = 10.0.40219.1
Project("{8BC9CEB8-8B4A-11D0-8D11-00A0C91BC942}") = "猜数字", "猜数字\猜数字.vcxproj", "{D4A35D98-4583-43FC-BBDA-583103BD4539}"
EndProject
Global
	GlobalSection(SolutionConfigurationPlatforms) = preSolution
		Debug|x64 = Debug|x64
		Debug|x86 = Debug|x86
		Release|x64 = Release|x64
		Release|x86 = Release|x86
	EndGlobalSection
	GlobalSection(ProjectConfigurationPlatforms) = postSolution
		{D4A35D98-4583-43FC-BBDA-583103BD4539}.Debug|x64.ActiveCfg = Debug|x64
		{D4A35D98-4583-43FC-BBDA-583103BD4539}.Debug|x64.Build.0 = Debug|x64
		{D4A35D98-4583-43FC-BBDA-583103BD4539}.Debug|x86.ActiveCfg = Debug|Win32
		{D4A35D98-4583-43FC-BBDA-583103BD4539}.Debug|x86.Build.0 = Debug|Win32
		{D4A35D98-4583-43FC-BBDA-583103BD4539}.Release|x64.ActiveCfg = Release|x64
		{D4A35D98-4583-43FC-BBDA-583103BD4539}.Release|x64.Build.0 = Release|x64
		{D4A35D98-4583-43FC-BBDA-583103BD4539}.Release|x86.ActiveCfg = Release|Win32
		{D4A35D98-4583-43FC-BBDA-583103BD4539}.Release|x86.Build.0 = Release|Win32
	EndGlobalSection
	GlobalSection(SolutionProperties) = preSolution
		HideSolutionNode = FALSE
	EndGlobalSection
	GlobalSection(ExtensibilityGlobals) = postSolution
		SolutionGuid = {2DA719EF-C608-47EE-A8EE-9B77D8A47DED}
	EndGlobalSection
EndGlobal
